
Microsoft Visual Studio Solution File, Format Version 12.00
# Visual Studio Version 16
VisualStudioVersion = 16.0.30011.22
MinimumVisualStudioVersion = 10.0.40219.1
Project("{FAE04EC0-301F-11D3-BF4B-00C04F79EFBC}") = "Registro", "Registro.csproj", "{6C6FB93A-102B-4DDA-BFE2-0125FEF5AB3C}"
EndProject
Global
	GlobalSection(SolutionConfigurationPlatforms) = preSolution
		Debug|Any CPU = Debug|Any CPU
		Release|Any CPU = Release|Any CPU
	EndGlobalSection
	GlobalSection(ProjectConfigurationPlatforms) = postSolution
		{6C6FB93A-102B-4DDA-BFE2-0125FEF5AB3C}.Debug|Any CPU.ActiveCfg = Debug|Any CPU
		{6C6FB93A-102B-4DDA-BFE2-0125FEF5AB3C}.Debug|Any CPU.Build.0 = Debug|Any CPU
		{6C6FB93A-102B-4DDA-BFE2-0125FEF5AB3C}.Release|Any CPU.ActiveCfg = Release|Any CPU
		{6C6FB93A-102B-4DDA-BFE2-0125FEF5AB3C}.Release|Any CPU.Build.0 = Release|Any CPU
	EndGlobalSection
	GlobalSection(SolutionProperties) = preSolution
		HideSolutionNode = FALSE
	EndGlobalSection
	GlobalSection(ExtensibilityGlobals) = postSolution
		SolutionGuid = {996382E4-940A-48FD-B0BF-6260B661D354}
	EndGlobalSection
EndGlobal
